
Microsoft Visual Studio Solution File, Format Version 11.00
# Visual Studio 2010
Project("{FAE04EC0-301F-11D3-BF4B-00C04F79EFBC}") = "SkunkpocaTouch-1", "Assembly-CSharp.csproj", "{70B53BBD-5D4A-6B90-EDAC-48FE6D213B7C}"
EndProject
Project("{FAE04EC0-301F-11D3-BF4B-00C04F79EFBC}") = "SkunkpocaTouch-1", "Assembly-CSharp-Editor.csproj", "{FFBDDC34-602E-3659-E5E4-92B10F72EA1C}"
EndProject
Global
	GlobalSection(SolutionConfigurationPlatforms) = preSolution
		Debug|Any CPU = Debug|Any CPU
		Release|Any CPU = Release|Any CPU
	EndGlobalSection
	GlobalSection(ProjectConfigurationPlatforms) = postSolution
		{70B53BBD-5D4A-6B90-EDAC-48FE6D213B7C}.Debug|Any CPU.ActiveCfg = Debug|Any CPU
		{70B53BBD-5D4A-6B90-EDAC-48FE6D213B7C}.Debug|Any CPU.Build.0 = Debug|Any CPU
		{70B53BBD-5D4A-6B90-EDAC-48FE6D213B7C}.Release|Any CPU.ActiveCfg = Release|Any CPU
		{70B53BBD-5D4A-6B90-EDAC-48FE6D213B7C}.Release|Any CPU.Build.0 = Release|Any CPU
		{FFBDDC34-602E-3659-E5E4-92B10F72EA1C}.Debug|Any CPU.ActiveCfg = Debug|Any CPU
		{FFBDDC34-602E-3659-E5E4-92B10F72EA1C}.Debug|Any CPU.Build.0 = Debug|Any CPU
		{FFBDDC34-602E-3659-E5E4-92B10F72EA1C}.Release|Any CPU.ActiveCfg = Release|Any CPU
		{FFBDDC34-602E-3659-E5E4-92B10F72EA1C}.Release|Any CPU.Build.0 = Release|Any CPU
	EndGlobalSection
	GlobalSection(SolutionProperties) = preSolution
		HideSolutionNode = FALSE
	EndGlobalSection
	GlobalSection(MonoDevelopProperties) = preSolution
		StartupItem = Assembly-CSharp.csproj
	EndGlobalSection
EndGlobal
