
Microsoft Visual Studio Solution File, Format Version 11.00
# Visual Studio 2010
Project("{FAE04EC0-301F-11D3-BF4B-00C04F79EFBC}") = "SkunkpocaTouch", "Assembly-CSharp.csproj", "{3265C3C5-FA52-6662-8FCA-86814C18838C}"
EndProject
Project("{FAE04EC0-301F-11D3-BF4B-00C04F79EFBC}") = "SkunkpocaTouch", "Assembly-CSharp-Editor.csproj", "{E567C4CC-9A90-B21E-24EC-DF2E0883EA27}"
EndProject
Global
	GlobalSection(SolutionConfigurationPlatforms) = preSolution
		Debug|Any CPU = Debug|Any CPU
		Release|Any CPU = Release|Any CPU
	EndGlobalSection
	GlobalSection(ProjectConfigurationPlatforms) = postSolution
		{3265C3C5-FA52-6662-8FCA-86814C18838C}.Debug|Any CPU.ActiveCfg = Debug|Any CPU
		{3265C3C5-FA52-6662-8FCA-86814C18838C}.Debug|Any CPU.Build.0 = Debug|Any CPU
		{3265C3C5-FA52-6662-8FCA-86814C18838C}.Release|Any CPU.ActiveCfg = Release|Any CPU
		{3265C3C5-FA52-6662-8FCA-86814C18838C}.Release|Any CPU.Build.0 = Release|Any CPU
		{E567C4CC-9A90-B21E-24EC-DF2E0883EA27}.Debug|Any CPU.ActiveCfg = Debug|Any CPU
		{E567C4CC-9A90-B21E-24EC-DF2E0883EA27}.Debug|Any CPU.Build.0 = Debug|Any CPU
		{E567C4CC-9A90-B21E-24EC-DF2E0883EA27}.Release|Any CPU.ActiveCfg = Release|Any CPU
		{E567C4CC-9A90-B21E-24EC-DF2E0883EA27}.Release|Any CPU.Build.0 = Release|Any CPU
	EndGlobalSection
	GlobalSection(SolutionProperties) = preSolution
		HideSolutionNode = FALSE
	EndGlobalSection
	GlobalSection(MonoDevelopProperties) = preSolution
		StartupItem = Assembly-CSharp.csproj
	EndGlobalSection
EndGlobal
