
Microsoft Visual Studio Solution File, Format Version 11.00
# Visual Studio 2010
Project("{FAE04EC0-301F-11D3-BF4B-00C04F79EFBC}") = "SkunkpocaTouch-1-1", "Assembly-CSharp.csproj", "{751980DA-7D3D-D7EA-CA03-610421FF22E4}"
EndProject
Project("{FAE04EC0-301F-11D3-BF4B-00C04F79EFBC}") = "SkunkpocaTouch-1-1", "Assembly-CSharp-Editor.csproj", "{6EDE426B-E8F3-21A4-D105-4515107CDE21}"
EndProject
Global
	GlobalSection(SolutionConfigurationPlatforms) = preSolution
		Debug|Any CPU = Debug|Any CPU
		Release|Any CPU = Release|Any CPU
	EndGlobalSection
	GlobalSection(ProjectConfigurationPlatforms) = postSolution
		{751980DA-7D3D-D7EA-CA03-610421FF22E4}.Debug|Any CPU.ActiveCfg = Debug|Any CPU
		{751980DA-7D3D-D7EA-CA03-610421FF22E4}.Debug|Any CPU.Build.0 = Debug|Any CPU
		{751980DA-7D3D-D7EA-CA03-610421FF22E4}.Release|Any CPU.ActiveCfg = Release|Any CPU
		{751980DA-7D3D-D7EA-CA03-610421FF22E4}.Release|Any CPU.Build.0 = Release|Any CPU
		{6EDE426B-E8F3-21A4-D105-4515107CDE21}.Debug|Any CPU.ActiveCfg = Debug|Any CPU
		{6EDE426B-E8F3-21A4-D105-4515107CDE21}.Debug|Any CPU.Build.0 = Debug|Any CPU
		{6EDE426B-E8F3-21A4-D105-4515107CDE21}.Release|Any CPU.ActiveCfg = Release|Any CPU
		{6EDE426B-E8F3-21A4-D105-4515107CDE21}.Release|Any CPU.Build.0 = Release|Any CPU
	EndGlobalSection
	GlobalSection(SolutionProperties) = preSolution
		HideSolutionNode = FALSE
	EndGlobalSection
	GlobalSection(MonoDevelopProperties) = preSolution
		StartupItem = Assembly-CSharp.csproj
	EndGlobalSection
EndGlobal
